// !$*UTF8*$!
{
	archiveVersion = 1;
	classes = {
	};
	objectVersion = 55;
	objects = {

/* Begin PBXBuildFile section */
		1E3F5E2727FED94900D25717 /* AppDelegate.swift in Sources */ = {isa = PBXBuildFile; fileRef = 1E3F5E2627FED94900D25717 /* AppDelegate.swift */; };
		1E3F5E2927FED94900D25717 /* SceneDelegate.swift in Sources */ = {isa = PBXBuildFile; fileRef = 1E3F5E2827FED94900D25717 /* SceneDelegate.swift */; };
		1E3F5E2B27FED94900D25717 /* ViewController.swift in Sources */ = {isa = PBXBuildFile; fileRef = 1E3F5E2A27FED94900D25717 /* ViewController.swift */; };
		1E3F5E2E27FED94900D25717 /* Main.storyboard in Resources */ = {isa = PBXBuildFile; fileRef = 1E3F5E2C27FED94900D25717 /* Main.storyboard */; };
		1E3F5E3027FED94C00D25717 /* Assets.xcassets in Resources */ = {isa = PBXBuildFile; fileRef = 1E3F5E2F27FED94C00D25717 /* Assets.xcassets */; };
		1E3F5E3327FED94C00D25717 /* LaunchScreen.storyboard in Resources */ = {isa = PBXBuildFile; fileRef = 1E3F5E3127FED94C00D25717 /* LaunchScreen.storyboard */; };
		1E3F5E3E27FED94C00D25717 /* CapgiminiTests.swift in Sources */ = {isa = PBXBuildFile; fileRef = 1E3F5E3D27FED94C00D25717 /* CapgiminiTests.swift */; };
		1E3F5E4827FED94D00D25717 /* CapgiminiUITests.swift in Sources */ = {isa = PBXBuildFile; fileRef = 1E3F5E4727FED94D00D25717 /* CapgiminiUITests.swift */; };
		1E3F5E4A27FED94D00D25717 /* CapgiminiUITestsLaunchTests.swift in Sources */ = {isa = PBXBuildFile; fileRef = 1E3F5E4927FED94D00D25717 /* CapgiminiUITestsLaunchTests.swift */; };
/* End PBXBuildFile section */

/* Begin PBXContainerItemProxy section */
		1E3F5E3A27FED94C00D25717 /* PBXContainerItemProxy */ = {
			isa = PBXContainerItemProxy;
			containerPortal = 1E3F5E1B27FED94900D25717 /* Project object */;
			proxyType = 1;
			remoteGlobalIDString = 1E3F5E2227FED94900D25717;
			remoteInfo = Capgimini;
		};
		1E3F5E4427FED94D00D25717 /* PBXContainerItemProxy */ = {
			isa = PBXContainerItemProxy;
			containerPortal = 1E3F5E1B27FED94900D25717 /* Project object */;
			proxyType = 1;
			remoteGlobalIDString = 1E3F5E2227FED94900D25717;
			remoteInfo = Capgimini;
		};
/* End PBXContainerItemProxy section */

/* Begin PBXFileReference section */
		1E3F5E2327FED94900D25717 /* Capgimini.app */ = {isa = PBXFileReference; explicitFileType = wrapper.application; includeInIndex = 0; path = Capgimini.app; sourceTree = BUILT_PRODUCTS_DIR; };
		1E3F5E2627FED94900D25717 /* AppDelegate.swift */ = {isa = PBXFileReference; lastKnownFileType = sourcecode.swift; path = AppDelegate.swift; sourceTree = "<group>"; };
		1E3F5E2827FED94900D25717 /* SceneDelegate.swift */ = {isa = PBXFileReference; lastKnownFileType = sourcecode.swift; path = SceneDelegate.swift; sourceTree = "<group>"; };
		1E3F5E2A27FED94900D25717 /* ViewController.swift */ = {isa = PBXFileReference; lastKnownFileType = sourcecode.swift; path = ViewController.swift; sourceTree = "<group>"; };
		1E3F5E2D27FED94900D25717 /* Base */ = {isa = PBXFileReference; lastKnownFileType = file.storyboard; name = Base; path = Base.lproj/Main.storyboard; sourceTree = "<group>"; };
		1E3F5E2F27FED94C00D25717 /* Assets.xcassets */ = {isa = PBXFileReference; lastKnownFileType = folder.assetcatalog; path = Assets.xcassets; sourceTree = "<group>"; };
		1E3F5E3227FED94C00D25717 /* Base */ = {isa = PBXFileReference; lastKnownFileType = file.storyboard; name = Base; path = Base.lproj/LaunchScreen.storyboard; sourceTree = "<group>"; };
		1E3F5E3427FED94C00D25717 /* Info.plist */ = {isa = PBXFileReference; lastKnownFileType = text.plist.xml; path = Info.plist; sourceTree = "<group>"; };
		1E3F5E3927FED94C00D25717 /* CapgiminiTests.xctest */ = {isa = PBXFileReference; explicitFileType = wrapper.cfbundle; includeInIndex = 0; path = CapgiminiTests.xctest; sourceTree = BUILT_PRODUCTS_DIR; };
		1E3F5E3D27FED94C00D25717 /* CapgiminiTests.swift */ = {isa = PBXFileReference; lastKnownFileType = sourcecode.swift; path = CapgiminiTests.swift; sourceTree = "<group>"; };
		1E3F5E4327FED94D00D25717 /* CapgiminiUITests.xctest */ = {isa = PBXFileReference; explicitFileType = wrapper.cfbundle; includeInIndex = 0; path = CapgiminiUITests.xctest; sourceTree = BUILT_PRODUCTS_DIR; };
		1E3F5E4727FED94D00D25717 /* CapgiminiUITests.swift */ = {isa = PBXFileReference; lastKnownFileType = sourcecode.swift; path = CapgiminiUITests.swift; sourceTree = "<group>"; };
		1E3F5E4927FED94D00D25717 /* CapgiminiUITestsLaunchTests.swift */ = {isa = PBXFileReference; lastKnownFileType = sourcecode.swift; path = CapgiminiUITestsLaunchTests.swift; sourceTree = "<group>"; };
/* End PBXFileReference section */

/* Begin PBXFrameworksBuildPhase section */
		1E3F5E2027FED94900D25717 /* Frameworks */ = {
			isa = PBXFrameworksBuildPhase;
			buildActionMask = 2147483647;
			files = (
			);
			runOnlyForDeploymentPostprocessing = 0;
		};
		1E3F5E3627FED94C00D25717 /* Frameworks */ = {
			isa = PBXFrameworksBuildPhase;
			buildActionMask = 2147483647;
			files = (
			);
			runOnlyForDeploymentPostprocessing = 0;
		};
		1E3F5E4027FED94D00D25717 /* Frameworks */ = {
			isa = PBXFrameworksBuildPhase;
			buildActionMask = 2147483647;
			files = (
			);
			runOnlyForDeploymentPostprocessing = 0;
		};
/* End PBXFrameworksBuildPhase section */

/* Begin PBXGroup section */
		1E3F5E1A27FED94900D25717 = {
			isa = PBXGroup;
			children = (
				1E3F5E2527FED94900D25717 /* Capgimini */,
				1E3F5E3C27FED94C00D25717 /* CapgiminiTests */,
				1E3F5E4627FED94D00D25717 /* CapgiminiUITests */,
				1E3F5E2427FED94900D25717 /* Products */,
			);
			sourceTree = "<group>";
		};
		1E3F5E2427FED94900D25717 /* Products */ = {
			isa = PBXGroup;
			children = (
				1E3F5E2327FED94900D25717 /* Capgimini.app */,
				1E3F5E3927FED94C00D25717 /* CapgiminiTests.xctest */,
				1E3F5E4327FED94D00D25717 /* CapgiminiUITests.xctest */,
			);
			name = Products;
			sourceTree = "<group>";
		};
		1E3F5E2527FED94900D25717 /* Capgimini */ = {
			isa = PBXGroup;
			children = (
				1E3F5E2627FED94900D25717 /* AppDelegate.swift */,
				1E3F5E2827FED94900D25717 /* SceneDelegate.swift */,
				1E3F5E2A27FED94900D25717 /* ViewController.swift */,
				1E3F5E2C27FED94900D25717 /* Main.storyboard */,
				1E3F5E2F27FED94C00D25717 /* Assets.xcassets */,
				1E3F5E3127FED94C00D25717 /* LaunchScreen.storyboard */,
				1E3F5E3427FED94C00D25717 /* Info.plist */,
			);
			path = Capgimini;
			sourceTree = "<group>";
		};
		1E3F5E3C27FED94C00D25717 /* CapgiminiTests */ = {
			isa = PBXGroup;
			children = (
				1E3F5E3D27FED94C00D25717 /* CapgiminiTests.swift */,
			);
			path = CapgiminiTests;
			sourceTree = "<group>";
		};
		1E3F5E4627FED94D00D25717 /* CapgiminiUITests */ = {
			isa = PBXGroup;
			children = (
				1E3F5E4727FED94D00D25717 /* CapgiminiUITests.swift */,
				1E3F5E4927FED94D00D25717 /* CapgiminiUITestsLaunchTests.swift */,
			);
			path = CapgiminiUITests;
			sourceTree = "<group>";
		};
/* End PBXGroup section */

/* Begin PBXNativeTarget section */
		1E3F5E2227FED94900D25717 /* Capgimini */ = {
			isa = PBXNativeTarget;
			buildConfigurationList = 1E3F5E4D27FED94D00D25717 /* Build configuration list for PBXNativeTarget "Capgimini" */;
			buildPhases = (
				1E3F5E1F27FED94900D25717 /* Sources */,
				1E3F5E2027FED94900D25717 /* Frameworks */,
				1E3F5E2127FED94900D25717 /* Resources */,
			);
			buildRules = (
			);
			dependencies = (
			);
			name = Capgimini;
			productName = Capgimini;
			productReference = 1E3F5E2327FED94900D25717 /* Capgimini.app */;
			productType = "com.apple.product-type.application";
		};
		1E3F5E3827FED94C00D25717 /* CapgiminiTests */ = {
			isa = PBXNativeTarget;
			buildConfigurationList = 1E3F5E5027FED94D00D25717 /* Build configuration list for PBXNativeTarget "CapgiminiTests" */;
			buildPhases = (
				1E3F5E3527FED94C00D25717 /* Sources */,
				1E3F5E3627FED94C00D25717 /* Frameworks */,
				1E3F5E3727FED94C00D25717 /* Resources */,
			);
			buildRules = (
			);
			dependencies = (
				1E3F5E3B27FED94C00D25717 /* PBXTargetDependency */,
			);
			name = CapgiminiTests;
			productName = CapgiminiTests;
			productReference = 1E3F5E3927FED94C00D25717 /* CapgiminiTests.xctest */;
			productType = "com.apple.product-type.bundle.unit-test";
		};
		1E3F5E4227FED94D00D25717 /* CapgiminiUITests */ = {
			isa = PBXNativeTarget;
			buildConfigurationList = 1E3F5E5327FED94D00D25717 /* Build configuration list for PBXNativeTarget "CapgiminiUITests" */;
			buildPhases = (
				1E3F5E3F27FED94D00D25717 /* Sources */,
				1E3F5E4027FED94D00D25717 /* Frameworks */,
				1E3F5E4127FED94D00D25717 /* Resources */,
			);
			buildRules = (
			);
			dependencies = (
				1E3F5E4527FED94D00D25717 /* PBXTargetDependency */,
			);
			name = CapgiminiUITests;
			productName = CapgiminiUITests;
			productReference = 1E3F5E4327FED94D00D25717 /* CapgiminiUITests.xctest */;
			productType = "com.apple.product-type.bundle.ui-testing";
		};
/* End PBXNativeTarget section */

/* Begin PBXProject section */
		1E3F5E1B27FED94900D25717 /* Project object */ = {
			isa = PBXProject;
			attributes = {
				BuildIndependentTargetsInParallel = 1;
				LastSwiftUpdateCheck = 1320;
				LastUpgradeCheck = 1320;
				TargetAttributes = {
					1E3F5E2227FED94900D25717 = {
						CreatedOnToolsVersion = 13.2.1;
					};
					1E3F5E3827FED94C00D25717 = {
						CreatedOnToolsVersion = 13.2.1;
						TestTargetID = 1E3F5E2227FED94900D25717;
					};
					1E3F5E4227FED94D00D25717 = {
						CreatedOnToolsVersion = 13.2.1;
						TestTargetID = 1E3F5E2227FED94900D25717;
					};
				};
			};
			buildConfigurationList = 1E3F5E1E27FED94900D25717 /* Build configuration list for PBXProject "Capgimini" */;
			compatibilityVersion = "Xcode 13.0";
			developmentRegion = en;
			hasScannedForEncodings = 0;
			knownRegions = (
				en,
				Base,
			);
			mainGroup = 1E3F5E1A27FED94900D25717;
			productRefGroup = 1E3F5E2427FED94900D25717 /* Products */;
			projectDirPath = "";
			projectRoot = "";
			targets = (
				1E3F5E2227FED94900D25717 /* Capgimini */,
				1E3F5E3827FED94C00D25717 /* CapgiminiTests */,
				1E3F5E4227FED94D00D25717 /* CapgiminiUITests */,
			);
		};
/* End PBXProject section */

/* Begin PBXResourcesBuildPhase section */
		1E3F5E2127FED94900D25717 /* Resources */ = {
			isa = PBXResourcesBuildPhase;
			buildActionMask = 2147483647;
			files = (
				1E3F5E3327FED94C00D25717 /* LaunchScreen.storyboard in Resources */,
				1E3F5E3027FED94C00D25717 /* Assets.xcassets in Resources */,
				1E3F5E2E27FED94900D25717 /* Main.storyboard in Resources */,
			);
			runOnlyForDeploymentPostprocessing = 0;
		};
		1E3F5E3727FED94C00D25717 /* Resources */ = {
			isa = PBXResourcesBuildPhase;
			buildActionMask = 2147483647;
			files = (
			);
			runOnlyForDeploymentPostprocessing = 0;
		};
		1E3F5E4127FED94D00D25717 /* Resources */ = {
			isa = PBXResourcesBuildPhase;
			buildActionMask = 2147483647;
			files = (
			);
			runOnlyForDeploymentPostprocessing = 0;
		};
/* End PBXResourcesBuildPhase section */

/* Begin PBXSourcesBuildPhase section */
		1E3F5E1F27FED94900D25717 /* Sources */ = {
			isa = PBXSourcesBuildPhase;
			buildActionMask = 2147483647;
			files = (
				1E3F5E2B27FED94900D25717 /* ViewController.swift in Sources */,
				1E3F5E2727FED94900D25717 /* AppDelegate.swift in Sources */,
				1E3F5E2927FED94900D25717 /* SceneDelegate.swift in Sources */,
			);
			runOnlyForDeploymentPostprocessing = 0;
		};
		1E3F5E3527FED94C00D25717 /* Sources */ = {
			isa = PBXSourcesBuildPhase;
			buildActionMask = 2147483647;
			files = (
				1E3F5E3E27FED94C00D25717 /* CapgiminiTests.swift in Sources */,
			);
			runOnlyForDeploymentPostprocessing = 0;
		};
		1E3F5E3F27FED94D00D25717 /* Sources */ = {
			isa = PBXSourcesBuildPhase;
			buildActionMask = 2147483647;
			files = (
				1E3F5E4A27FED94D00D25717 /* CapgiminiUITestsLaunchTests.swift in Sources */,
				1E3F5E4827FED94D00D25717 /* CapgiminiUITests.swift in Sources */,
			);
			runOnlyForDeploymentPostprocessing = 0;
		};
/* End PBXSourcesBuildPhase section */

/* Begin PBXTargetDependency section */
		1E3F5E3B27FED94C00D25717 /* PBXTargetDependency */ = {
			isa = PBXTargetDependency;
			target = 1E3F5E2227FED94900D25717 /* Capgimini */;
			targetProxy = 1E3F5E3A27FED94C00D25717 /* PBXContainerItemProxy */;
		};
		1E3F5E4527FED94D00D25717 /* PBXTargetDependency */ = {
			isa = PBXTargetDependency;
			target = 1E3F5E2227FED94900D25717 /* Capgimini */;
			targetProxy = 1E3F5E4427FED94D00D25717 /* PBXContainerItemProxy */;
		};
/* End PBXTargetDependency section */

/* Begin PBXVariantGroup section */
		1E3F5E2C27FED94900D25717 /* Main.storyboard */ = {
			isa = PBXVariantGroup;
			children = (
				1E3F5E2D27FED94900D25717 /* Base */,
			);
			name = Main.storyboard;
			sourceTree = "<group>";
		};
		1E3F5E3127FED94C00D25717 /* LaunchScreen.storyboard */ = {
			isa = PBXVariantGroup;
			children = (
				1E3F5E3227FED94C00D25717 /* Base */,
			);
			name = LaunchScreen.storyboard;
			sourceTree = "<group>";
		};
/* End PBXVariantGroup section */

/* Begin XCBuildConfiguration section */
		1E3F5E4B27FED94D00D25717 /* Debug */ = {
			isa = XCBuildConfiguration;
			buildSettings = {
				ALWAYS_SEARCH_USER_PATHS = NO;
				CLANG_ANALYZER_NONNULL = YES;
				CLANG_ANALYZER_NUMBER_OBJECT_CONVERSION = YES_AGGRESSIVE;
				CLANG_CXX_LANGUAGE_STANDARD = "gnu++17";
				CLANG_CXX_LIBRARY = "libc++";
				CLANG_ENABLE_MODULES = YES;
				CLANG_ENABLE_OBJC_ARC = YES;
				CLANG_ENABLE_OBJC_WEAK = YES;
				CLANG_WARN_BLOCK_CAPTURE_AUTORELEASING = YES;
				CLANG_WARN_BOOL_CONVERSION = YES;
				CLANG_WARN_COMMA = YES;
				CLANG_WARN_CONSTANT_CONVERSION = YES;
				CLANG_WARN_DEPRECATED_OBJC_IMPLEMENTATIONS = YES;
				CLANG_WARN_DIRECT_OBJC_ISA_USAGE = YES_ERROR;
				CLANG_WARN_DOCUMENTATION_COMMENTS = YES;
				CLANG_WARN_EMPTY_BODY = YES;
				CLANG_WARN_ENUM_CONVERSION = YES;
				CLANG_WARN_INFINITE_RECURSION = YES;
				CLANG_WARN_INT_CONVERSION = YES;
				CLANG_WARN_NON_LITERAL_NULL_CONVERSION = YES;
				CLANG_WARN_OBJC_IMPLICIT_RETAIN_SELF = YES;
				CLANG_WARN_OBJC_LITERAL_CONVERSION = YES;
				CLANG_WARN_OBJC_ROOT_CLASS = YES_ERROR;
				CLANG_WARN_QUOTED_INCLUDE_IN_FRAMEWORK_HEADER = YES;
				CLANG_WARN_RANGE_LOOP_ANALYSIS = YES;
				CLANG_WARN_STRICT_PROTOTYPES = YES;
				CLANG_WARN_SUSPICIOUS_MOVE = YES;
				CLANG_WARN_UNGUARDED_AVAILABILITY = YES_AGGRESSIVE;
				CLANG_WARN_UNREACHABLE_CODE = YES;
				CLANG_WARN__DUPLICATE_METHOD_MATCH = YES;
				COPY_PHASE_STRIP = NO;
				DEBUG_INFORMATION_FORMAT = dwarf;
				ENABLE_STRICT_OBJC_MSGSEND = YES;
				ENABLE_TESTABILITY = YES;
				GCC_C_LANGUAGE_STANDARD = gnu11;
				GCC_DYNAMIC_NO_PIC = NO;
				GCC_NO_COMMON_BLOCKS = YES;
				GCC_OPTIMIZATION_LEVEL = 0;
				GCC_PREPROCESSOR_DEFINITIONS = (
					"DEBUG=1",
					"$(inherited)",
				);
				GCC_WARN_64_TO_32_BIT_CONVERSION = YES;
				GCC_WARN_ABOUT_RETURN_TYPE = YES_ERROR;
				GCC_WARN_UNDECLARED_SELECTOR = YES;
				GCC_WARN_UNINITIALIZED_AUTOS = YES_AGGRESSIVE;
				GCC_WARN_UNUSED_FUNCTION = YES;
				GCC_WARN_UNUSED_VARIABLE = YES;
				IPHONEOS_DEPLOYMENT_TARGET = 15.2;
				MTL_ENABLE_DEBUG_INFO = INCLUDE_SOURCE;
				MTL_FAST_MATH = YES;
				ONLY_ACTIVE_ARCH = YES;
				SDKROOT = iphoneos;
				SWIFT_ACTIVE_COMPILATION_CONDITIONS = DEBUG;
				SWIFT_OPTIMIZATION_LEVEL = "-Onone";
			};
			name = Debug;
		};
		1E3F5E4C27FED94D00D25717 /* Release */ = {
			isa = XCBuildConfiguration;
			buildSettings = {
				ALWAYS_SEARCH_USER_PATHS = NO;
				CLANG_ANALYZER_NONNULL = YES;
				CLANG_ANALYZER_NUMBER_OBJECT_CONVERSION = YES_AGGRESSIVE;
				CLANG_CXX_LANGUAGE_STANDARD = "gnu++17";
				CLANG_CXX_LIBRARY = "libc++";
				CLANG_ENABLE_MODULES = YES;
				CLANG_ENABLE_OBJC_ARC = YES;
				CLANG_ENABLE_OBJC_WEAK = YES;
				CLANG_WARN_BLOCK_CAPTURE_AUTORELEASING = YES;
				CLANG_WARN_BOOL_CONVERSION = YES;
				CLANG_WARN_COMMA = YES;
				CLANG_WARN_CONSTANT_CONVERSION = YES;
				CLANG_WARN_DEPRECATED_OBJC_IMPLEMENTATIONS = YES;
				CLANG_WARN_DIRECT_OBJC_ISA_USAGE = YES_ERROR;
				CLANG_WARN_DOCUMENTATION_COMMENTS = YES;
				CLANG_WARN_EMPTY_BODY = YES;
				CLANG_WARN_ENUM_CONVERSION = YES;
				CLANG_WARN_INFINITE_RECURSION = YES;
				CLANG_WARN_INT_CONVERSION = YES;
				CLANG_WARN_NON_LITERAL_NULL_CONVERSION = YES;
				CLANG_WARN_OBJC_IMPLICIT_RETAIN_SELF = YES;
				CLANG_WARN_OBJC_LITERAL_CONVERSION = YES;
				CLANG_WARN_OBJC_ROOT_CLASS = YES_ERROR;
				CLANG_WARN_QUOTED_INCLUDE_IN_FRAMEWORK_HEADER = YES;
				CLANG_WARN_RANGE_LOOP_ANALYSIS = YES;
				CLANG_WARN_STRICT_PROTOTYPES = YES;
				CLANG_WARN_SUSPICIOUS_MOVE = YES;
				CLANG_WARN_UNGUARDED_AVAILABILITY = YES_AGGRESSIVE;
				CLANG_WARN_UNREACHABLE_CODE = YES;
				CLANG_WARN__DUPLICATE_METHOD_MATCH = YES;
				COPY_PHASE_STRIP = NO;
				DEBUG_INFORMATION_FORMAT = "dwarf-with-dsym";
				ENABLE_NS_ASSERTIONS = NO;
				ENABLE_STRICT_OBJC_MSGSEND = YES;
				GCC_C_LANGUAGE_STANDARD = gnu11;
				GCC_NO_COMMON_BLOCKS = YES;
				GCC_WARN_64_TO_32_BIT_CONVERSION = YES;
				GCC_WARN_ABOUT_RETURN_TYPE = YES_ERROR;
				GCC_WARN_UNDECLARED_SELECTOR = YES;
				GCC_WARN_UNINITIALIZED_AUTOS = YES_AGGRESSIVE;
				GCC_WARN_UNUSED_FUNCTION = YES;
				GCC_WARN_UNUSED_VARIABLE = YES;
				IPHONEOS_DEPLOYMENT_TARGET = 15.2;
				MTL_ENABLE_DEBUG_INFO = NO;
				MTL_FAST_MATH = YES;
				SDKROOT = iphoneos;
				SWIFT_COMPILATION_MODE = wholemodule;
				SWIFT_OPTIMIZATION_LEVEL = "-O";
				VALIDATE_PRODUCT = YES;
			};
			name = Release;
		};
		1E3F5E4E27FED94D00D25717 /* Debug */ = {
			isa = XCBuildConfiguration;
			buildSettings = {
				ASSETCATALOG_COMPILER_APPICON_NAME = AppIcon;
				ASSETCATALOG_COMPILER_GLOBAL_ACCENT_COLOR_NAME = AccentColor;
				CODE_SIGN_STYLE = Automatic;
				CURRENT_PROJECT_VERSION = 1;
				GENERATE_INFOPLIST_FILE = YES;
				INFOPLIST_FILE = Capgimini/Info.plist;
				INFOPLIST_KEY_UIApplicationSupportsIndirectInputEvents = YES;
				INFOPLIST_KEY_UILaunchStoryboardName = LaunchScreen;
				INFOPLIST_KEY_UIMainStoryboardFile = Main;
				INFOPLIST_KEY_UISupportedInterfaceOrientations_iPad = "UIInterfaceOrientationPortrait UIInterfaceOrientationPortraitUpsideDown UIInterfaceOrientationLandscapeLeft UIInterfaceOrientationLandscapeRight";
				INFOPLIST_KEY_UISupportedInterfaceOrientations_iPhone = "UIInterfaceOrientationPortrait UIInterfaceOrientationLandscapeLeft UIInterfaceOrientationLandscapeRight";
				LD_RUNPATH_SEARCH_PATHS = (
					"$(inherited)",
					"@executable_path/Frameworks",
				);
				MARKETING_VERSION = 1.0;
				PRODUCT_BUNDLE_IDENTIFIER = com.nelson.Capgimini;
				PRODUCT_NAME = "$(TARGET_NAME)";
				SWIFT_EMIT_LOC_STRINGS = YES;
				SWIFT_VERSION = 5.0;
				TARGETED_DEVICE_FAMILY = "1,2";
			};
			name = Debug;
		};
		1E3F5E4F27FED94D00D25717 /* Release */ = {
			isa = XCBuildConfiguration;
			buildSettings = {
				ASSETCATALOG_COMPILER_APPICON_NAME = AppIcon;
				ASSETCATALOG_COMPILER_GLOBAL_ACCENT_COLOR_NAME = AccentColor;
				CODE_SIGN_STYLE = Automatic;
				CURRENT_PROJECT_VERSION = 1;
				GENERATE_INFOPLIST_FILE = YES;
				INFOPLIST_FILE = Capgimini/Info.plist;
				INFOPLIST_KEY_UIApplicationSupportsIndirectInputEvents = YES;
				INFOPLIST_KEY_UILaunchStoryboardName = LaunchScreen;
				INFOPLIST_KEY_UIMainStoryboardFile = Main;
				INFOPLIST_KEY_UISupportedInterfaceOrientations_iPad = "UIInterfaceOrientationPortrait UIInterfaceOrientationPortraitUpsideDown UIInterfaceOrientationLandscapeLeft UIInterfaceOrientationLandscapeRight";
				INFOPLIST_KEY_UISupportedInterfaceOrientations_iPhone = "UIInterfaceOrientationPortrait UIInterfaceOrientationLandscapeLeft UIInterfaceOrientationLandscapeRight";
				LD_RUNPATH_SEARCH_PATHS = (
					"$(inherited)",
					"@executable_path/Frameworks",
				);
				MARKETING_VERSION = 1.0;
				PRODUCT_BUNDLE_IDENTIFIER = com.nelson.Capgimini;
				PRODUCT_NAME = "$(TARGET_NAME)";
				SWIFT_EMIT_LOC_STRINGS = YES;
				SWIFT_VERSION = 5.0;
				TARGETED_DEVICE_FAMILY = "1,2";
			};
			name = Release;
		};
		1E3F5E5127FED94D00D25717 /* Debug */ = {
			isa = XCBuildConfiguration;
			buildSettings = {
				ALWAYS_EMBED_SWIFT_STANDARD_LIBRARIES = YES;
				BUNDLE_LOADER = "$(TEST_HOST)";
				CODE_SIGN_STYLE = Automatic;
				CURRENT_PROJECT_VERSION = 1;
				GENERATE_INFOPLIST_FILE = YES;
				IPHONEOS_DEPLOYMENT_TARGET = 15.2;
				MARKETING_VERSION = 1.0;
				PRODUCT_BUNDLE_IDENTIFIER = com.nelson.CapgiminiTests;
				PRODUCT_NAME = "$(TARGET_NAME)";
				SWIFT_EMIT_LOC_STRINGS = NO;
				SWIFT_VERSION = 5.0;
				TARGETED_DEVICE_FAMILY = "1,2";
				TEST_HOST = "$(BUILT_PRODUCTS_DIR)/Capgimini.app/Capgimini";
			};
			name = Debug;
		};
		1E3F5E5227FED94D00D25717 /* Release */ = {
			isa = XCBuildConfiguration;
			buildSettings = {
				ALWAYS_EMBED_SWIFT_STANDARD_LIBRARIES = YES;
				BUNDLE_LOADER = "$(TEST_HOST)";
				CODE_SIGN_STYLE = Automatic;
				CURRENT_PROJECT_VERSION = 1;
				GENERATE_INFOPLIST_FILE = YES;
				IPHONEOS_DEPLOYMENT_TARGET = 15.2;
				MARKETING_VERSION = 1.0;
				PRODUCT_BUNDLE_IDENTIFIER = com.nelson.CapgiminiTests;
				PRODUCT_NAME = "$(TARGET_NAME)";
				SWIFT_EMIT_LOC_STRINGS = NO;
				SWIFT_VERSION = 5.0;
				TARGETED_DEVICE_FAMILY = "1,2";
				TEST_HOST = "$(BUILT_PRODUCTS_DIR)/Capgimini.app/Capgimini";
			};
			name = Release;
		};
		1E3F5E5427FED94D00D25717 /* Debug */ = {
			isa = XCBuildConfiguration;
			buildSettings = {
				ALWAYS_EMBED_SWIFT_STANDARD_LIBRARIES = YES;
				CODE_SIGN_STYLE = Automatic;
				CURRENT_PROJECT_VERSION = 1;
				GENERATE_INFOPLIST_FILE = YES;
				MARKETING_VERSION = 1.0;
				PRODUCT_BUNDLE_IDENTIFIER = com.nelson.CapgiminiUITests;
				PRODUCT_NAME = "$(TARGET_NAME)";
				SWIFT_EMIT_LOC_STRINGS = NO;
				SWIFT_VERSION = 5.0;
				TARGETED_DEVICE_FAMILY = "1,2";
				TEST_TARGET_NAME = Capgimini;
			};
			name = Debug;
		};
		1E3F5E5527FED94D00D25717 /* Release */ = {
			isa = XCBuildConfiguration;
			buildSettings = {
				ALWAYS_EMBED_SWIFT_STANDARD_LIBRARIES = YES;
				CODE_SIGN_STYLE = Automatic;
				CURRENT_PROJECT_VERSION = 1;
				GENERATE_INFOPLIST_FILE = YES;
				MARKETING_VERSION = 1.0;
				PRODUCT_BUNDLE_IDENTIFIER = com.nelson.CapgiminiUITests;
				PRODUCT_NAME = "$(TARGET_NAME)";
				SWIFT_EMIT_LOC_STRINGS = NO;
				SWIFT_VERSION = 5.0;
				TARGETED_DEVICE_FAMILY = "1,2";
				TEST_TARGET_NAME = Capgimini;
			};
			name = Release;
		};
/* End XCBuildConfiguration section */

/* Begin XCConfigurationList section */
		1E3F5E1E27FED94900D25717 /* Build configuration list for PBXProject "Capgimini" */ = {
			isa = XCConfigurationList;
			buildConfigurations = (
				1E3F5E4B27FED94D00D25717 /* Debug */,
				1E3F5E4C27FED94D00D25717 /* Release */,
			);
			defaultConfigurationIsVisible = 0;
			defaultConfigurationName = Release;
		};
		1E3F5E4D27FED94D00D25717 /* Build configuration list for PBXNativeTarget "Capgimini" */ = {
			isa = XCConfigurationList;
			buildConfigurations = (
				1E3F5E4E27FED94D00D25717 /* Debug */,
				1E3F5E4F27FED94D00D25717 /* Release */,
			);
			defaultConfigurationIsVisible = 0;
			defaultConfigurationName = Release;
		};
		1E3F5E5027FED94D00D25717 /* Build configuration list for PBXNativeTarget "CapgiminiTests" */ = {
			isa = XCConfigurationList;
			buildConfigurations = (
				1E3F5E5127FED94D00D25717 /* Debug */,
				1E3F5E5227FED94D00D25717 /* Release */,
			);
			defaultConfigurationIsVisible = 0;
			defaultConfigurationName = Release;
		};
		1E3F5E5327FED94D00D25717 /* Build configuration list for PBXNativeTarget "CapgiminiUITests" */ = {
			isa = XCConfigurationList;
			buildConfigurations = (
				1E3F5E5427FED94D00D25717 /* Debug */,
				1E3F5E5527FED94D00D25717 /* Release */,
			);
			defaultConfigurationIsVisible = 0;
			defaultConfigurationName = Release;
		};
/* End XCConfigurationList section */
	};
	rootObject = 1E3F5E1B27FED94900D25717 /* Project object */;
}
